// !$*UTF8*$!
{
	archiveVersion = 1;
	classes = {
	};
	objectVersion = 51;
	objects = {

/* Begin PBXBuildFile section */
		120799C623F676CD00929A5C /* MoviesViewController.swift in Sources */ = {isa = PBXBuildFile; fileRef = 120799C523F676CD00929A5C /* MoviesViewController.swift */; };
		120799C823F690CB00929A5C /* MovieCell.swift in Sources */ = {isa = PBXBuildFile; fileRef = 120799C723F690CB00929A5C /* MovieCell.swift */; };
		127D0B822408CB0C003BE3CC /* SuperheroMovieDetailsViewController.swift in Sources */ = {isa = PBXBuildFile; fileRef = 127D0B812408CB0C003BE3CC /* SuperheroMovieDetailsViewController.swift */; };
		12F12DC62408B56500012806 /* MovieDetailsViewController.swift in Sources */ = {isa = PBXBuildFile; fileRef = 12F12DC52408B56500012806 /* MovieDetailsViewController.swift */; };
		12F12DC82408BE5500012806 /* MovieGridViewController.swift in Sources */ = {isa = PBXBuildFile; fileRef = 12F12DC72408BE5500012806 /* MovieGridViewController.swift */; };
		12F12DCA2408C18600012806 /* MovieGridCell.swift in Sources */ = {isa = PBXBuildFile; fileRef = 12F12DC92408C18600012806 /* MovieGridCell.swift */; };
		12FA382D23F50C4F004C5427 /* AppDelegate.swift in Sources */ = {isa = PBXBuildFile; fileRef = 12FA382C23F50C4F004C5427 /* AppDelegate.swift */; };
		12FA382F23F50C4F004C5427 /* SceneDelegate.swift in Sources */ = {isa = PBXBuildFile; fileRef = 12FA382E23F50C4F004C5427 /* SceneDelegate.swift */; };
		12FA383123F50C4F004C5427 /* ViewController.swift in Sources */ = {isa = PBXBuildFile; fileRef = 12FA383023F50C4F004C5427 /* ViewController.swift */; };
		12FA383423F50C4F004C5427 /* Main.storyboard in Resources */ = {isa = PBXBuildFile; fileRef = 12FA383223F50C4F004C5427 /* Main.storyboard */; };
		12FA383623F50C51004C5427 /* Assets.xcassets in Resources */ = {isa = PBXBuildFile; fileRef = 12FA383523F50C51004C5427 /* Assets.xcassets */; };
		12FA383923F50C51004C5427 /* LaunchScreen.storyboard in Resources */ = {isa = PBXBuildFile; fileRef = 12FA383723F50C51004C5427 /* LaunchScreen.storyboard */; };
		12FA384423F50C51004C5427 /* flixterTests.swift in Sources */ = {isa = PBXBuildFile; fileRef = 12FA384323F50C51004C5427 /* flixterTests.swift */; };
		12FA384F23F50C51004C5427 /* flixterUITests.swift in Sources */ = {isa = PBXBuildFile; fileRef = 12FA384E23F50C51004C5427 /* flixterUITests.swift */; };
		2B560D53D90DFF1564FD227C /* Pods_flixter.framework in Frameworks */ = {isa = PBXBuildFile; fileRef = F60AEC295A9B90242F30C741 /* Pods_flixter.framework */; };
		5782ED0188B4A7E1888F2164 /* Pods_flixterTests.framework in Frameworks */ = {isa = PBXBuildFile; fileRef = 7FD81A0CF7D9D9A6D5651A50 /* Pods_flixterTests.framework */; };
		9918697F95350BC3F337BDBB /* Pods_flixter_flixterUITests.framework in Frameworks */ = {isa = PBXBuildFile; fileRef = E4668DB259D5E091F45480C8 /* Pods_flixter_flixterUITests.framework */; };
/* End PBXBuildFile section */

/* Begin PBXContainerItemProxy section */
		12FA384023F50C51004C5427 /* PBXContainerItemProxy */ = {
			isa = PBXContainerItemProxy;
			containerPortal = 12FA382123F50C4F004C5427 /* Project object */;
			proxyType = 1;
			remoteGlobalIDString = 12FA382823F50C4F004C5427;
			remoteInfo = flixter;
		};
		12FA384B23F50C51004C5427 /* PBXContainerItemProxy */ = {
			isa = PBXContainerItemProxy;
			containerPortal = 12FA382123F50C4F004C5427 /* Project object */;
			proxyType = 1;
			remoteGlobalIDString = 12FA382823F50C4F004C5427;
			remoteInfo = flixter;
		};
/* End PBXContainerItemProxy section */

/* Begin PBXFileReference section */
		0911145B8D7BC9AECB1C8691 /* Pods-flixterTests.debug.xcconfig */ = {isa = PBXFileReference; includeInIndex = 1; lastKnownFileType = text.xcconfig; name = "Pods-flixterTests.debug.xcconfig"; path = "Target Support Files/Pods-flixterTests/Pods-flixterTests.debug.xcconfig"; sourceTree = "<group>"; };
		120799C523F676CD00929A5C /* MoviesViewController.swift */ = {isa = PBXFileReference; lastKnownFileType = sourcecode.swift; path = MoviesViewController.swift; sourceTree = "<group>"; };
		120799C723F690CB00929A5C /* MovieCell.swift */ = {isa = PBXFileReference; lastKnownFileType = sourcecode.swift; path = MovieCell.swift; sourceTree = "<group>"; };
		127D0B812408CB0C003BE3CC /* SuperheroMovieDetailsViewController.swift */ = {isa = PBXFileReference; lastKnownFileType = sourcecode.swift; path = SuperheroMovieDetailsViewController.swift; sourceTree = "<group>"; };
		12F12DC52408B56500012806 /* MovieDetailsViewController.swift */ = {isa = PBXFileReference; lastKnownFileType = sourcecode.swift; path = MovieDetailsViewController.swift; sourceTree = "<group>"; };
		12F12DC72408BE5500012806 /* MovieGridViewController.swift */ = {isa = PBXFileReference; lastKnownFileType = sourcecode.swift; path = MovieGridViewController.swift; sourceTree = "<group>"; };
		12F12DC92408C18600012806 /* MovieGridCell.swift */ = {isa = PBXFileReference; lastKnownFileType = sourcecode.swift; path = MovieGridCell.swift; sourceTree = "<group>"; };
		12FA382923F50C4F004C5427 /* flixter.app */ = {isa = PBXFileReference; explicitFileType = wrapper.application; includeInIndex = 0; path = flixter.app; sourceTree = BUILT_PRODUCTS_DIR; };
		12FA382C23F50C4F004C5427 /* AppDelegate.swift */ = {isa = PBXFileReference; lastKnownFileType = sourcecode.swift; path = AppDelegate.swift; sourceTree = "<group>"; };
		12FA382E23F50C4F004C5427 /* SceneDelegate.swift */ = {isa = PBXFileReference; lastKnownFileType = sourcecode.swift; path = SceneDelegate.swift; sourceTree = "<group>"; };
		12FA383023F50C4F004C5427 /* ViewController.swift */ = {isa = PBXFileReference; lastKnownFileType = sourcecode.swift; path = ViewController.swift; sourceTree = "<group>"; };
		12FA383323F50C4F004C5427 /* Base */ = {isa = PBXFileReference; lastKnownFileType = file.storyboard; name = Base; path = Base.lproj/Main.storyboard; sourceTree = "<group>"; };
		12FA383523F50C51004C5427 /* Assets.xcassets */ = {isa = PBXFileReference; lastKnownFileType = folder.assetcatalog; path = Assets.xcassets; sourceTree = "<group>"; };
		12FA383823F50C51004C5427 /* Base */ = {isa = PBXFileReference; lastKnownFileType = file.storyboard; name = Base; path = Base.lproj/LaunchScreen.storyboard; sourceTree = "<group>"; };
		12FA383A23F50C51004C5427 /* Info.plist */ = {isa = PBXFileReference; lastKnownFileType = text.plist.xml; path = Info.plist; sourceTree = "<group>"; };
		12FA383F23F50C51004C5427 /* flixterTests.xctest */ = {isa = PBXFileReference; explicitFileType = wrapper.cfbundle; includeInIndex = 0; path = flixterTests.xctest; sourceTree = BUILT_PRODUCTS_DIR; };
		12FA384323F50C51004C5427 /* flixterTests.swift */ = {isa = PBXFileReference; lastKnownFileType = sourcecode.swift; path = flixterTests.swift; sourceTree = "<group>"; };
		12FA384523F50C51004C5427 /* Info.plist */ = {isa = PBXFileReference; lastKnownFileType = text.plist.xml; path = Info.plist; sourceTree = "<group>"; };
		12FA384A23F50C51004C5427 /* flixterUITests.xctest */ = {isa = PBXFileReference; explicitFileType = wrapper.cfbundle; includeInIndex = 0; path = flixterUITests.xctest; sourceTree = BUILT_PRODUCTS_DIR; };
		12FA384E23F50C51004C5427 /* flixterUITests.swift */ = {isa = PBXFileReference; lastKnownFileType = sourcecode.swift; path = flixterUITests.swift; sourceTree = "<group>"; };
		12FA385023F50C51004C5427 /* Info.plist */ = {isa = PBXFileReference; lastKnownFileType = text.plist.xml; path = Info.plist; sourceTree = "<group>"; };
		3F445329378350D493929DBC /* Pods-flixter-flixterUITests.release.xcconfig */ = {isa = PBXFileReference; includeInIndex = 1; lastKnownFileType = text.xcconfig; name = "Pods-flixter-flixterUITests.release.xcconfig"; path = "Target Support Files/Pods-flixter-flixterUITests/Pods-flixter-flixterUITests.release.xcconfig"; sourceTree = "<group>"; };
		5AFF1F2129F4B4100AC640DD /* Pods-flixter-flixterUITests.debug.xcconfig */ = {isa = PBXFileReference; includeInIndex = 1; lastKnownFileType = text.xcconfig; name = "Pods-flixter-flixterUITests.debug.xcconfig"; path = "Target Support Files/Pods-flixter-flixterUITests/Pods-flixter-flixterUITests.debug.xcconfig"; sourceTree = "<group>"; };
		7FD81A0CF7D9D9A6D5651A50 /* Pods_flixterTests.framework */ = {isa = PBXFileReference; explicitFileType = wrapper.framework; includeInIndex = 0; path = Pods_flixterTests.framework; sourceTree = BUILT_PRODUCTS_DIR; };
		9DE70F61845957ADA89E66BA /* Pods-flixter.release.xcconfig */ = {isa = PBXFileReference; includeInIndex = 1; lastKnownFileType = text.xcconfig; name = "Pods-flixter.release.xcconfig"; path = "Target Support Files/Pods-flixter/Pods-flixter.release.xcconfig"; sourceTree = "<group>"; };
		B8C1AD7FD1D12C904485D50B /* Pods-flixterTests.release.xcconfig */ = {isa = PBXFileReference; includeInIndex = 1; lastKnownFileType = text.xcconfig; name = "Pods-flixterTests.release.xcconfig"; path = "Target Support Files/Pods-flixterTests/Pods-flixterTests.release.xcconfig"; sourceTree = "<group>"; };
		BD14338E2D170FD723222DC8 /* Pods-flixter.debug.xcconfig */ = {isa = PBXFileReference; includeInIndex = 1; lastKnownFileType = text.xcconfig; name = "Pods-flixter.debug.xcconfig"; path = "Target Support Files/Pods-flixter/Pods-flixter.debug.xcconfig"; sourceTree = "<group>"; };
		E4668DB259D5E091F45480C8 /* Pods_flixter_flixterUITests.framework */ = {isa = PBXFileReference; explicitFileType = wrapper.framework; includeInIndex = 0; path = Pods_flixter_flixterUITests.framework; sourceTree = BUILT_PRODUCTS_DIR; };
		F60AEC295A9B90242F30C741 /* Pods_flixter.framework */ = {isa = PBXFileReference; explicitFileType = wrapper.framework; includeInIndex = 0; path = Pods_flixter.framework; sourceTree = BUILT_PRODUCTS_DIR; };
/* End PBXFileReference section */

/* Begin PBXFrameworksBuildPhase section */
		12FA382623F50C4F004C5427 /* Frameworks */ = {
			isa = PBXFrameworksBuildPhase;
			buildActionMask = 2147483647;
			files = (
				2B560D53D90DFF1564FD227C /* Pods_flixter.framework in Frameworks */,
			);
			runOnlyForDeploymentPostprocessing = 0;
		};
		12FA383C23F50C51004C5427 /* Frameworks */ = {
			isa = PBXFrameworksBuildPhase;
			buildActionMask = 2147483647;
			files = (
				5782ED0188B4A7E1888F2164 /* Pods_flixterTests.framework in Frameworks */,
			);
			runOnlyForDeploymentPostprocessing = 0;
		};
		12FA384723F50C51004C5427 /* Frameworks */ = {
			isa = PBXFrameworksBuildPhase;
			buildActionMask = 2147483647;
			files = (
				9918697F95350BC3F337BDBB /* Pods_flixter_flixterUITests.framework in Frameworks */,
			);
			runOnlyForDeploymentPostprocessing = 0;
		};
/* End PBXFrameworksBuildPhase section */

/* Begin PBXGroup section */
		0D153CCAD5FCF07500F6B740 /* Frameworks */ = {
			isa = PBXGroup;
			children = (
				F60AEC295A9B90242F30C741 /* Pods_flixter.framework */,
				E4668DB259D5E091F45480C8 /* Pods_flixter_flixterUITests.framework */,
				7FD81A0CF7D9D9A6D5651A50 /* Pods_flixterTests.framework */,
			);
			name = Frameworks;
			sourceTree = "<group>";
		};
		12FA382023F50C4F004C5427 = {
			isa = PBXGroup;
			children = (
				12FA382B23F50C4F004C5427 /* flixter */,
				12FA384223F50C51004C5427 /* flixterTests */,
				12FA384D23F50C51004C5427 /* flixterUITests */,
				12FA382A23F50C4F004C5427 /* Products */,
				705C44D3BE663B29261FC0F9 /* Pods */,
				0D153CCAD5FCF07500F6B740 /* Frameworks */,
			);
			sourceTree = "<group>";
		};
		12FA382A23F50C4F004C5427 /* Products */ = {
			isa = PBXGroup;
			children = (
				12FA382923F50C4F004C5427 /* flixter.app */,
				12FA383F23F50C51004C5427 /* flixterTests.xctest */,
				12FA384A23F50C51004C5427 /* flixterUITests.xctest */,
			);
			name = Products;
			sourceTree = "<group>";
		};
		12FA382B23F50C4F004C5427 /* flixter */ = {
			isa = PBXGroup;
			children = (
				12FA382C23F50C4F004C5427 /* AppDelegate.swift */,
				12FA382E23F50C4F004C5427 /* SceneDelegate.swift */,
				12FA383023F50C4F004C5427 /* ViewController.swift */,
				12FA383223F50C4F004C5427 /* Main.storyboard */,
				120799C723F690CB00929A5C /* MovieCell.swift */,
				12FA383523F50C51004C5427 /* Assets.xcassets */,
				12FA383723F50C51004C5427 /* LaunchScreen.storyboard */,
				12FA383A23F50C51004C5427 /* Info.plist */,
				120799C523F676CD00929A5C /* MoviesViewController.swift */,
				12F12DC52408B56500012806 /* MovieDetailsViewController.swift */,
				12F12DC72408BE5500012806 /* MovieGridViewController.swift */,
				12F12DC92408C18600012806 /* MovieGridCell.swift */,
				127D0B812408CB0C003BE3CC /* SuperheroMovieDetailsViewController.swift */,
			);
			path = flixter;
			sourceTree = "<group>";
		};
		12FA384223F50C51004C5427 /* flixterTests */ = {
			isa = PBXGroup;
			children = (
				12FA384323F50C51004C5427 /* flixterTests.swift */,
				12FA384523F50C51004C5427 /* Info.plist */,
			);
			path = flixterTests;
			sourceTree = "<group>";
		};
		12FA384D23F50C51004C5427 /* flixterUITests */ = {
			isa = PBXGroup;
			children = (
				12FA384E23F50C51004C5427 /* flixterUITests.swift */,
				12FA385023F50C51004C5427 /* Info.plist */,
			);
			path = flixterUITests;
			sourceTree = "<group>";
		};
		705C44D3BE663B29261FC0F9 /* Pods */ = {
			isa = PBXGroup;
			children = (
				BD14338E2D170FD723222DC8 /* Pods-flixter.debug.xcconfig */,
				9DE70F61845957ADA89E66BA /* Pods-flixter.release.xcconfig */,
				5AFF1F2129F4B4100AC640DD /* Pods-flixter-flixterUITests.debug.xcconfig */,
				3F445329378350D493929DBC /* Pods-flixter-flixterUITests.release.xcconfig */,
				0911145B8D7BC9AECB1C8691 /* Pods-flixterTests.debug.xcconfig */,
				B8C1AD7FD1D12C904485D50B /* Pods-flixterTests.release.xcconfig */,
			);
			path = Pods;
			sourceTree = "<group>";
		};
/* End PBXGroup section */

/* Begin PBXNativeTarget section */
		12FA382823F50C4F004C5427 /* flixter */ = {
			isa = PBXNativeTarget;
			buildConfigurationList = 12FA385323F50C51004C5427 /* Build configuration list for PBXNativeTarget "flixter" */;
			buildPhases = (
				CA7B6FAE34752C39DFD71944 /* [CP] Check Pods Manifest.lock */,
				12FA382523F50C4F004C5427 /* Sources */,
				12FA382623F50C4F004C5427 /* Frameworks */,
				12FA382723F50C4F004C5427 /* Resources */,
				D003F9426EBAC5FCF46526CE /* [CP] Embed Pods Frameworks */,
			);
			buildRules = (
			);
			dependencies = (
			);
			name = flixter;
			productName = flixter;
			productReference = 12FA382923F50C4F004C5427 /* flixter.app */;
			productType = "com.apple.product-type.application";
		};
		12FA383E23F50C51004C5427 /* flixterTests */ = {
			isa = PBXNativeTarget;
			buildConfigurationList = 12FA385623F50C51004C5427 /* Build configuration list for PBXNativeTarget "flixterTests" */;
			buildPhases = (
				2E467408109EAEAABF399085 /* [CP] Check Pods Manifest.lock */,
				12FA383B23F50C51004C5427 /* Sources */,
				12FA383C23F50C51004C5427 /* Frameworks */,
				12FA383D23F50C51004C5427 /* Resources */,
			);
			buildRules = (
			);
			dependencies = (
				12FA384123F50C51004C5427 /* PBXTargetDependency */,
			);
			name = flixterTests;
			productName = flixterTests;
			productReference = 12FA383F23F50C51004C5427 /* flixterTests.xctest */;
			productType = "com.apple.product-type.bundle.unit-test";
		};
		12FA384923F50C51004C5427 /* flixterUITests */ = {
			isa = PBXNativeTarget;
			buildConfigurationList = 12FA385923F50C51004C5427 /* Build configuration list for PBXNativeTarget "flixterUITests" */;
			buildPhases = (
				AFA0D42CDEFF411F3E38361E /* [CP] Check Pods Manifest.lock */,
				12FA384623F50C51004C5427 /* Sources */,
				12FA384723F50C51004C5427 /* Frameworks */,
				12FA384823F50C51004C5427 /* Resources */,
				11BFD56A851FBC0F1FDD6D5D /* [CP] Embed Pods Frameworks */,
			);
			buildRules = (
			);
			dependencies = (
				12FA384C23F50C51004C5427 /* PBXTargetDependency */,
			);
			name = flixterUITests;
			productName = flixterUITests;
			productReference = 12FA384A23F50C51004C5427 /* flixterUITests.xctest */;
			productType = "com.apple.product-type.bundle.ui-testing";
		};
/* End PBXNativeTarget section */

/* Begin PBXProject section */
		12FA382123F50C4F004C5427 /* Project object */ = {
			isa = PBXProject;
			attributes = {
				LastSwiftUpdateCheck = 1130;
				LastUpgradeCheck = 1130;
				ORGANIZATIONNAME = codepath;
				TargetAttributes = {
					12FA382823F50C4F004C5427 = {
						CreatedOnToolsVersion = 11.3.1;
					};
					12FA383E23F50C51004C5427 = {
						CreatedOnToolsVersion = 11.3.1;
						TestTargetID = 12FA382823F50C4F004C5427;
					};
					12FA384923F50C51004C5427 = {
						CreatedOnToolsVersion = 11.3.1;
						TestTargetID = 12FA382823F50C4F004C5427;
					};
				};
			};
			buildConfigurationList = 12FA382423F50C4F004C5427 /* Build configuration list for PBXProject "flixter" */;
			compatibilityVersion = "Xcode 9.3";
			developmentRegion = en;
			hasScannedForEncodings = 0;
			knownRegions = (
				en,
				Base,
			);
			mainGroup = 12FA382023F50C4F004C5427;
			productRefGroup = 12FA382A23F50C4F004C5427 /* Products */;
			projectDirPath = "";
			projectRoot = "";
			targets = (
				12FA382823F50C4F004C5427 /* flixter */,
				12FA383E23F50C51004C5427 /* flixterTests */,
				12FA384923F50C51004C5427 /* flixterUITests */,
			);
		};
/* End PBXProject section */

/* Begin PBXResourcesBuildPhase section */
		12FA382723F50C4F004C5427 /* Resources */ = {
			isa = PBXResourcesBuildPhase;
			buildActionMask = 2147483647;
			files = (
				12FA383923F50C51004C5427 /* LaunchScreen.storyboard in Resources */,
				12FA383623F50C51004C5427 /* Assets.xcassets in Resources */,
				12FA383423F50C4F004C5427 /* Main.storyboard in Resources */,
			);
			runOnlyForDeploymentPostprocessing = 0;
		};
		12FA383D23F50C51004C5427 /* Resources */ = {
			isa = PBXResourcesBuildPhase;
			buildActionMask = 2147483647;
			files = (
			);
			runOnlyForDeploymentPostprocessing = 0;
		};
		12FA384823F50C51004C5427 /* Resources */ = {
			isa = PBXResourcesBuildPhase;
			buildActionMask = 2147483647;
			files = (
			);
			runOnlyForDeploymentPostprocessing = 0;
		};
/* End PBXResourcesBuildPhase section */

/* Begin PBXShellScriptBuildPhase section */
		11BFD56A851FBC0F1FDD6D5D /* [CP] Embed Pods Frameworks */ = {
			isa = PBXShellScriptBuildPhase;
			buildActionMask = 2147483647;
			files = (
			);
			inputFileListPaths = (
				"${PODS_ROOT}/Target Support Files/Pods-flixter-flixterUITests/Pods-flixter-flixterUITests-frameworks-${CONFIGURATION}-input-files.xcfilelist",
			);
			name = "[CP] Embed Pods Frameworks";
			outputFileListPaths = (
				"${PODS_ROOT}/Target Support Files/Pods-flixter-flixterUITests/Pods-flixter-flixterUITests-frameworks-${CONFIGURATION}-output-files.xcfilelist",
			);
			runOnlyForDeploymentPostprocessing = 0;
			shellPath = /bin/sh;
			shellScript = "\"${PODS_ROOT}/Target Support Files/Pods-flixter-flixterUITests/Pods-flixter-flixterUITests-frameworks.sh\"\n";
			showEnvVarsInLog = 0;
		};
		2E467408109EAEAABF399085 /* [CP] Check Pods Manifest.lock */ = {
			isa = PBXShellScriptBuildPhase;
			buildActionMask = 2147483647;
			files = (
			);
			inputFileListPaths = (
			);
			inputPaths = (
				"${PODS_PODFILE_DIR_PATH}/Podfile.lock",
				"${PODS_ROOT}/Manifest.lock",
			);
			name = "[CP] Check Pods Manifest.lock";
			outputFileListPaths = (
			);
			outputPaths = (
				"$(DERIVED_FILE_DIR)/Pods-flixterTests-checkManifestLockResult.txt",
			);
			runOnlyForDeploymentPostprocessing = 0;
			shellPath = /bin/sh;
			shellScript = "diff \"${PODS_PODFILE_DIR_PATH}/Podfile.lock\" \"${PODS_ROOT}/Manifest.lock\" > /dev/null\nif [ $? != 0 ] ; then\n    # print error to STDERR\n    echo \"error: The sandbox is not in sync with the Podfile.lock. Run 'pod install' or update your CocoaPods installation.\" >&2\n    exit 1\nfi\n# This output is used by Xcode 'outputs' to avoid re-running this script phase.\necho \"SUCCESS\" > \"${SCRIPT_OUTPUT_FILE_0}\"\n";
			showEnvVarsInLog = 0;
		};
		AFA0D42CDEFF411F3E38361E /* [CP] Check Pods Manifest.lock */ = {
			isa = PBXShellScriptBuildPhase;
			buildActionMask = 2147483647;
			files = (
			);
			inputFileListPaths = (
			);
			inputPaths = (
				"${PODS_PODFILE_DIR_PATH}/Podfile.lock",
				"${PODS_ROOT}/Manifest.lock",
			);
			name = "[CP] Check Pods Manifest.lock";
			outputFileListPaths = (
			);
			outputPaths = (
				"$(DERIVED_FILE_DIR)/Pods-flixter-flixterUITests-checkManifestLockResult.txt",
			);
			runOnlyForDeploymentPostprocessing = 0;
			shellPath = /bin/sh;
			shellScript = "diff \"${PODS_PODFILE_DIR_PATH}/Podfile.lock\" \"${PODS_ROOT}/Manifest.lock\" > /dev/null\nif [ $? != 0 ] ; then\n    # print error to STDERR\n    echo \"error: The sandbox is not in sync with the Podfile.lock. Run 'pod install' or update your CocoaPods installation.\" >&2\n    exit 1\nfi\n# This output is used by Xcode 'outputs' to avoid re-running this script phase.\necho \"SUCCESS\" > \"${SCRIPT_OUTPUT_FILE_0}\"\n";
			showEnvVarsInLog = 0;
		};
		CA7B6FAE34752C39DFD71944 /* [CP] Check Pods Manifest.lock */ = {
			isa = PBXShellScriptBuildPhase;
			buildActionMask = 2147483647;
			files = (
			);
			inputFileListPaths = (
			);
			inputPaths = (
				"${PODS_PODFILE_DIR_PATH}/Podfile.lock",
				"${PODS_ROOT}/Manifest.lock",
			);
			name = "[CP] Check Pods Manifest.lock";
			outputFileListPaths = (
			);
			outputPaths = (
				"$(DERIVED_FILE_DIR)/Pods-flixter-checkManifestLockResult.txt",
			);
			runOnlyForDeploymentPostprocessing = 0;
			shellPath = /bin/sh;
			shellScript = "diff \"${PODS_PODFILE_DIR_PATH}/Podfile.lock\" \"${PODS_ROOT}/Manifest.lock\" > /dev/null\nif [ $? != 0 ] ; then\n    # print error to STDERR\n    echo \"error: The sandbox is not in sync with the Podfile.lock. Run 'pod install' or update your CocoaPods installation.\" >&2\n    exit 1\nfi\n# This output is used by Xcode 'outputs' to avoid re-running this script phase.\necho \"SUCCESS\" > \"${SCRIPT_OUTPUT_FILE_0}\"\n";
			showEnvVarsInLog = 0;
		};
		D003F9426EBAC5FCF46526CE /* [CP] Embed Pods Frameworks */ = {
			isa = PBXShellScriptBuildPhase;
			buildActionMask = 2147483647;
			files = (
			);
			inputFileListPaths = (
				"${PODS_ROOT}/Target Support Files/Pods-flixter/Pods-flixter-frameworks-${CONFIGURATION}-input-files.xcfilelist",
			);
			name = "[CP] Embed Pods Frameworks";
			outputFileListPaths = (
				"${PODS_ROOT}/Target Support Files/Pods-flixter/Pods-flixter-frameworks-${CONFIGURATION}-output-files.xcfilelist",
			);
			runOnlyForDeploymentPostprocessing = 0;
			shellPath = /bin/sh;
			shellScript = "\"${PODS_ROOT}/Target Support Files/Pods-flixter/Pods-flixter-frameworks.sh\"\n";
			showEnvVarsInLog = 0;
		};
/* End PBXShellScriptBuildPhase section */

/* Begin PBXSourcesBuildPhase section */
		12FA382523F50C4F004C5427 /* Sources */ = {
			isa = PBXSourcesBuildPhase;
			buildActionMask = 2147483647;
			files = (
				12FA383123F50C4F004C5427 /* ViewController.swift in Sources */,
				12FA382D23F50C4F004C5427 /* AppDelegate.swift in Sources */,
				12F12DC62408B56500012806 /* MovieDetailsViewController.swift in Sources */,
				12F12DC82408BE5500012806 /* MovieGridViewController.swift in Sources */,
				12F12DCA2408C18600012806 /* MovieGridCell.swift in Sources */,
				12FA382F23F50C4F004C5427 /* SceneDelegate.swift in Sources */,
				120799C823F690CB00929A5C /* MovieCell.swift in Sources */,
				120799C623F676CD00929A5C /* MoviesViewController.swift in Sources */,
				127D0B822408CB0C003BE3CC /* SuperheroMovieDetailsViewController.swift in Sources */,
			);
			runOnlyForDeploymentPostprocessing = 0;
		};
		12FA383B23F50C51004C5427 /* Sources */ = {
			isa = PBXSourcesBuildPhase;
			buildActionMask = 2147483647;
			files = (
				12FA384423F50C51004C5427 /* flixterTests.swift in Sources */,
			);
			runOnlyForDeploymentPostprocessing = 0;
		};
		12FA384623F50C51004C5427 /* Sources */ = {
			isa = PBXSourcesBuildPhase;
			buildActionMask = 2147483647;
			files = (
				12FA384F23F50C51004C5427 /* flixterUITests.swift in Sources */,
			);
			runOnlyForDeploymentPostprocessing = 0;
		};
/* End PBXSourcesBuildPhase section */

/* Begin PBXTargetDependency section */
		12FA384123F50C51004C5427 /* PBXTargetDependency */ = {
			isa = PBXTargetDependency;
			target = 12FA382823F50C4F004C5427 /* flixter */;
			targetProxy = 12FA384023F50C51004C5427 /* PBXContainerItemProxy */;
		};
		12FA384C23F50C51004C5427 /* PBXTargetDependency */ = {
			isa = PBXTargetDependency;
			target = 12FA382823F50C4F004C5427 /* flixter */;
			targetProxy = 12FA384B23F50C51004C5427 /* PBXContainerItemProxy */;
		};
/* End PBXTargetDependency section */

/* Begin PBXVariantGroup section */
		12FA383223F50C4F004C5427 /* Main.storyboard */ = {
			isa = PBXVariantGroup;
			children = (
				12FA383323F50C4F004C5427 /* Base */,
			);
			name = Main.storyboard;
			sourceTree = "<group>";
		};
		12FA383723F50C51004C5427 /* LaunchScreen.storyboard */ = {
			isa = PBXVariantGroup;
			children = (
				12FA383823F50C51004C5427 /* Base */,
			);
			name = LaunchScreen.storyboard;
			sourceTree = "<group>";
		};
/* End PBXVariantGroup section */

/* Begin XCBuildConfiguration section */
		12FA385123F50C51004C5427 /* Debug */ = {
			isa = XCBuildConfiguration;
			buildSettings = {
				ALWAYS_SEARCH_USER_PATHS = NO;
				CLANG_ANALYZER_NONNULL = YES;
				CLANG_ANALYZER_NUMBER_OBJECT_CONVERSION = YES_AGGRESSIVE;
				CLANG_CXX_LANGUAGE_STANDARD = "gnu++14";
				CLANG_CXX_LIBRARY = "libc++";
				CLANG_ENABLE_MODULES = YES;
				CLANG_ENABLE_OBJC_ARC = YES;
				CLANG_ENABLE_OBJC_WEAK = YES;
				CLANG_WARN_BLOCK_CAPTURE_AUTORELEASING = YES;
				CLANG_WARN_BOOL_CONVERSION = YES;
				CLANG_WARN_COMMA = YES;
				CLANG_WARN_CONSTANT_CONVERSION = YES;
				CLANG_WARN_DEPRECATED_OBJC_IMPLEMENTATIONS = YES;
				CLANG_WARN_DIRECT_OBJC_ISA_USAGE = YES_ERROR;
				CLANG_WARN_DOCUMENTATION_COMMENTS = YES;
				CLANG_WARN_EMPTY_BODY = YES;
				CLANG_WARN_ENUM_CONVERSION = YES;
				CLANG_WARN_INFINITE_RECURSION = YES;
				CLANG_WARN_INT_CONVERSION = YES;
				CLANG_WARN_NON_LITERAL_NULL_CONVERSION = YES;
				CLANG_WARN_OBJC_IMPLICIT_RETAIN_SELF = YES;
				CLANG_WARN_OBJC_LITERAL_CONVERSION = YES;
				CLANG_WARN_OBJC_ROOT_CLASS = YES_ERROR;
				CLANG_WARN_RANGE_LOOP_ANALYSIS = YES;
				CLANG_WARN_STRICT_PROTOTYPES = YES;
				CLANG_WARN_SUSPICIOUS_MOVE = YES;
				CLANG_WARN_UNGUARDED_AVAILABILITY = YES_AGGRESSIVE;
				CLANG_WARN_UNREACHABLE_CODE = YES;
				CLANG_WARN__DUPLICATE_METHOD_MATCH = YES;
				COPY_PHASE_STRIP = NO;
				DEBUG_INFORMATION_FORMAT = dwarf;
				ENABLE_STRICT_OBJC_MSGSEND = YES;
				ENABLE_TESTABILITY = YES;
				GCC_C_LANGUAGE_STANDARD = gnu11;
				GCC_DYNAMIC_NO_PIC = NO;
				GCC_NO_COMMON_BLOCKS = YES;
				GCC_OPTIMIZATION_LEVEL = 0;
				GCC_PREPROCESSOR_DEFINITIONS = (
					"DEBUG=1",
					"$(inherited)",
				);
				GCC_WARN_64_TO_32_BIT_CONVERSION = YES;
				GCC_WARN_ABOUT_RETURN_TYPE = YES_ERROR;
				GCC_WARN_UNDECLARED_SELECTOR = YES;
				GCC_WARN_UNINITIALIZED_AUTOS = YES_AGGRESSIVE;
				GCC_WARN_UNUSED_FUNCTION = YES;
				GCC_WARN_UNUSED_VARIABLE = YES;
				IPHONEOS_DEPLOYMENT_TARGET = 13.2;
				MTL_ENABLE_DEBUG_INFO = INCLUDE_SOURCE;
				MTL_FAST_MATH = YES;
				ONLY_ACTIVE_ARCH = YES;
				SDKROOT = iphoneos;
				SWIFT_ACTIVE_COMPILATION_CONDITIONS = DEBUG;
				SWIFT_OPTIMIZATION_LEVEL = "-Onone";
			};
			name = Debug;
		};
		12FA385223F50C51004C5427 /* Release */ = {
			isa = XCBuildConfiguration;
			buildSettings = {
				ALWAYS_SEARCH_USER_PATHS = NO;
				CLANG_ANALYZER_NONNULL = YES;
				CLANG_ANALYZER_NUMBER_OBJECT_CONVERSION = YES_AGGRESSIVE;
				CLANG_CXX_LANGUAGE_STANDARD = "gnu++14";
				CLANG_CXX_LIBRARY = "libc++";
				CLANG_ENABLE_MODULES = YES;
				CLANG_ENABLE_OBJC_ARC = YES;
				CLANG_ENABLE_OBJC_WEAK = YES;
				CLANG_WARN_BLOCK_CAPTURE_AUTORELEASING = YES;
				CLANG_WARN_BOOL_CONVERSION = YES;
				CLANG_WARN_COMMA = YES;
				CLANG_WARN_CONSTANT_CONVERSION = YES;
				CLANG_WARN_DEPRECATED_OBJC_IMPLEMENTATIONS = YES;
				CLANG_WARN_DIRECT_OBJC_ISA_USAGE = YES_ERROR;
				CLANG_WARN_DOCUMENTATION_COMMENTS = YES;
				CLANG_WARN_EMPTY_BODY = YES;
				CLANG_WARN_ENUM_CONVERSION = YES;
				CLANG_WARN_INFINITE_RECURSION = YES;
				CLANG_WARN_INT_CONVERSION = YES;
				CLANG_WARN_NON_LITERAL_NULL_CONVERSION = YES;
				CLANG_WARN_OBJC_IMPLICIT_RETAIN_SELF = YES;
				CLANG_WARN_OBJC_LITERAL_CONVERSION = YES;
				CLANG_WARN_OBJC_ROOT_CLASS = YES_ERROR;
				CLANG_WARN_RANGE_LOOP_ANALYSIS = YES;
				CLANG_WARN_STRICT_PROTOTYPES = YES;
				CLANG_WARN_SUSPICIOUS_MOVE = YES;
				CLANG_WARN_UNGUARDED_AVAILABILITY = YES_AGGRESSIVE;
				CLANG_WARN_UNREACHABLE_CODE = YES;
				CLANG_WARN__DUPLICATE_METHOD_MATCH = YES;
				COPY_PHASE_STRIP = NO;
				DEBUG_INFORMATION_FORMAT = "dwarf-with-dsym";
				ENABLE_NS_ASSERTIONS = NO;
				ENABLE_STRICT_OBJC_MSGSEND = YES;
				GCC_C_LANGUAGE_STANDARD = gnu11;
				GCC_NO_COMMON_BLOCKS = YES;
				GCC_WARN_64_TO_32_BIT_CONVERSION = YES;
				GCC_WARN_ABOUT_RETURN_TYPE = YES_ERROR;
				GCC_WARN_UNDECLARED_SELECTOR = YES;
				GCC_WARN_UNINITIALIZED_AUTOS = YES_AGGRESSIVE;
				GCC_WARN_UNUSED_FUNCTION = YES;
				GCC_WARN_UNUSED_VARIABLE = YES;
				IPHONEOS_DEPLOYMENT_TARGET = 13.2;
				MTL_ENABLE_DEBUG_INFO = NO;
				MTL_FAST_MATH = YES;
				SDKROOT = iphoneos;
				SWIFT_COMPILATION_MODE = wholemodule;
				SWIFT_OPTIMIZATION_LEVEL = "-O";
				VALIDATE_PRODUCT = YES;
			};
			name = Release;
		};
		12FA385423F50C51004C5427 /* Debug */ = {
			isa = XCBuildConfiguration;
			baseConfigurationReference = BD14338E2D170FD723222DC8 /* Pods-flixter.debug.xcconfig */;
			buildSettings = {
				ASSETCATALOG_COMPILER_APPICON_NAME = AppIcon;
				CODE_SIGN_STYLE = Automatic;
				INFOPLIST_FILE = flixter/Info.plist;
				LD_RUNPATH_SEARCH_PATHS = (
					"$(inherited)",
					"@executable_path/Frameworks",
				);
				PRODUCT_BUNDLE_IDENTIFIER = com.codepath.flixter;
				PRODUCT_NAME = "$(TARGET_NAME)";
				SWIFT_VERSION = 5.0;
				TARGETED_DEVICE_FAMILY = "1,2";
			};
			name = Debug;
		};
		12FA385523F50C51004C5427 /* Release */ = {
			isa = XCBuildConfiguration;
			baseConfigurationReference = 9DE70F61845957ADA89E66BA /* Pods-flixter.release.xcconfig */;
			buildSettings = {
				ASSETCATALOG_COMPILER_APPICON_NAME = AppIcon;
				CODE_SIGN_STYLE = Automatic;
				INFOPLIST_FILE = flixter/Info.plist;
				LD_RUNPATH_SEARCH_PATHS = (
					"$(inherited)",
					"@executable_path/Frameworks",
				);
				PRODUCT_BUNDLE_IDENTIFIER = com.codepath.flixter;
				PRODUCT_NAME = "$(TARGET_NAME)";
				SWIFT_VERSION = 5.0;
				TARGETED_DEVICE_FAMILY = "1,2";
			};
			name = Release;
		};
		12FA385723F50C51004C5427 /* Debug */ = {
			isa = XCBuildConfiguration;
			baseConfigurationReference = 0911145B8D7BC9AECB1C8691 /* Pods-flixterTests.debug.xcconfig */;
			buildSettings = {
				ALWAYS_EMBED_SWIFT_STANDARD_LIBRARIES = YES;
				BUNDLE_LOADER = "$(TEST_HOST)";
				CODE_SIGN_STYLE = Automatic;
				INFOPLIST_FILE = flixterTests/Info.plist;
				IPHONEOS_DEPLOYMENT_TARGET = 13.2;
				LD_RUNPATH_SEARCH_PATHS = (
					"$(inherited)",
					"@executable_path/Frameworks",
					"@loader_path/Frameworks",
				);
				PRODUCT_BUNDLE_IDENTIFIER = com.codepath.flixterTests;
				PRODUCT_NAME = "$(TARGET_NAME)";
				SWIFT_VERSION = 5.0;
				TARGETED_DEVICE_FAMILY = "1,2";
				TEST_HOST = "$(BUILT_PRODUCTS_DIR)/flixter.app/flixter";
			};
			name = Debug;
		};
		12FA385823F50C51004C5427 /* Release */ = {
			isa = XCBuildConfiguration;
			baseConfigurationReference = B8C1AD7FD1D12C904485D50B /* Pods-flixterTests.release.xcconfig */;
			buildSettings = {
				ALWAYS_EMBED_SWIFT_STANDARD_LIBRARIES = YES;
				BUNDLE_LOADER = "$(TEST_HOST)";
				CODE_SIGN_STYLE = Automatic;
				INFOPLIST_FILE = flixterTests/Info.plist;
				IPHONEOS_DEPLOYMENT_TARGET = 13.2;
				LD_RUNPATH_SEARCH_PATHS = (
					"$(inherited)",
					"@executable_path/Frameworks",
					"@loader_path/Frameworks",
				);
				PRODUCT_BUNDLE_IDENTIFIER = com.codepath.flixterTests;
				PRODUCT_NAME = "$(TARGET_NAME)";
				SWIFT_VERSION = 5.0;
				TARGETED_DEVICE_FAMILY = "1,2";
				TEST_HOST = "$(BUILT_PRODUCTS_DIR)/flixter.app/flixter";
			};
			name = Release;
		};
		12FA385A23F50C51004C5427 /* Debug */ = {
			isa = XCBuildConfiguration;
			baseConfigurationReference = 5AFF1F2129F4B4100AC640DD /* Pods-flixter-flixterUITests.debug.xcconfig */;
			buildSettings = {
				ALWAYS_EMBED_SWIFT_STANDARD_LIBRARIES = YES;
				CODE_SIGN_STYLE = Automatic;
				INFOPLIST_FILE = flixterUITests/Info.plist;
				LD_RUNPATH_SEARCH_PATHS = (
					"$(inherited)",
					"@executable_path/Frameworks",
					"@loader_path/Frameworks",
				);
				PRODUCT_BUNDLE_IDENTIFIER = com.codepath.flixterUITests;
				PRODUCT_NAME = "$(TARGET_NAME)";
				SWIFT_VERSION = 5.0;
				TARGETED_DEVICE_FAMILY = "1,2";
				TEST_TARGET_NAME = flixter;
			};
			name = Debug;
		};
		12FA385B23F50C51004C5427 /* Release */ = {
			isa = XCBuildConfiguration;
			baseConfigurationReference = 3F445329378350D493929DBC /* Pods-flixter-flixterUITests.release.xcconfig */;
			buildSettings = {
				ALWAYS_EMBED_SWIFT_STANDARD_LIBRARIES = YES;
				CODE_SIGN_STYLE = Automatic;
				INFOPLIST_FILE = flixterUITests/Info.plist;
				LD_RUNPATH_SEARCH_PATHS = (
					"$(inherited)",
					"@executable_path/Frameworks",
					"@loader_path/Frameworks",
				);
				PRODUCT_BUNDLE_IDENTIFIER = com.codepath.flixterUITests;
				PRODUCT_NAME = "$(TARGET_NAME)";
				SWIFT_VERSION = 5.0;
				TARGETED_DEVICE_FAMILY = "1,2";
				TEST_TARGET_NAME = flixter;
			};
			name = Release;
		};
/* End XCBuildConfiguration section */

/* Begin XCConfigurationList section */
		12FA382423F50C4F004C5427 /* Build configuration list for PBXProject "flixter" */ = {
			isa = XCConfigurationList;
			buildConfigurations = (
				12FA385123F50C51004C5427 /* Debug */,
				12FA385223F50C51004C5427 /* Release */,
			);
			defaultConfigurationIsVisible = 0;
			defaultConfigurationName = Release;
		};
		12FA385323F50C51004C5427 /* Build configuration list for PBXNativeTarget "flixter" */ = {
			isa = XCConfigurationList;
			buildConfigurations = (
				12FA385423F50C51004C5427 /* Debug */,
				12FA385523F50C51004C5427 /* Release */,
			);
			defaultConfigurationIsVisible = 0;
			defaultConfigurationName = Release;
		};
		12FA385623F50C51004C5427 /* Build configuration list for PBXNativeTarget "flixterTests" */ = {
			isa = XCConfigurationList;
			buildConfigurations = (
				12FA385723F50C51004C5427 /* Debug */,
				12FA385823F50C51004C5427 /* Release */,
			);
			defaultConfigurationIsVisible = 0;
			defaultConfigurationName = Release;
		};
		12FA385923F50C51004C5427 /* Build configuration list for PBXNativeTarget "flixterUITests" */ = {
			isa = XCConfigurationList;
			buildConfigurations = (
				12FA385A23F50C51004C5427 /* Debug */,
				12FA385B23F50C51004C5427 /* Release */,
			);
			defaultConfigurationIsVisible = 0;
			defaultConfigurationName = Release;
		};
/* End XCConfigurationList section */
	};
	rootObject = 12FA382123F50C4F004C5427 /* Project object */;
}
